
Microsoft Visual Studio Solution File, Format Version 12.00
Project("{FAE04EC0-301F-11D3-BF4B-00C04F79EFBC}") = "StudentIncubator", "StudentIncubator\StudentIncubator.csproj", "{59043167-6828-4E04-B174-418B62DE3562}"
EndProject
Global
	GlobalSection(SolutionConfigurationPlatforms) = preSolution
		Debug|Any CPU = Debug|Any CPU
		Release|Any CPU = Release|Any CPU
	EndGlobalSection
	GlobalSection(ProjectConfigurationPlatforms) = postSolution
		{59043167-6828-4E04-B174-418B62DE3562}.Debug|Any CPU.ActiveCfg = Debug|Any CPU
		{59043167-6828-4E04-B174-418B62DE3562}.Debug|Any CPU.Build.0 = Debug|Any CPU
		{59043167-6828-4E04-B174-418B62DE3562}.Release|Any CPU.ActiveCfg = Release|Any CPU
		{59043167-6828-4E04-B174-418B62DE3562}.Release|Any CPU.Build.0 = Release|Any CPU
	EndGlobalSection
EndGlobal
